
Microsoft Visual Studio Solution File, Format Version 12.00
# Visual Studio Version 16
VisualStudioVersion = 16.0.30907.101
MinimumVisualStudioVersion = 10.0.40219.1
Project("{FAE04EC0-301F-11D3-BF4B-00C04F79EFBC}") = "HomeWorkLesson-2-3", "HomeWorkLesson-2-3\HomeWorkLesson-2-3.csproj", "{4FB9939E-CA2D-4DF5-98B2-82B4641AF45F}"
EndProject
Global
	GlobalSection(SolutionConfigurationPlatforms) = preSolution
		Debug|Any CPU = Debug|Any CPU
		Release|Any CPU = Release|Any CPU
	EndGlobalSection
	GlobalSection(ProjectConfigurationPlatforms) = postSolution
		{4FB9939E-CA2D-4DF5-98B2-82B4641AF45F}.Debug|Any CPU.ActiveCfg = Debug|Any CPU
		{4FB9939E-CA2D-4DF5-98B2-82B4641AF45F}.Debug|Any CPU.Build.0 = Debug|Any CPU
		{4FB9939E-CA2D-4DF5-98B2-82B4641AF45F}.Release|Any CPU.ActiveCfg = Release|Any CPU
		{4FB9939E-CA2D-4DF5-98B2-82B4641AF45F}.Release|Any CPU.Build.0 = Release|Any CPU
	EndGlobalSection
	GlobalSection(SolutionProperties) = preSolution
		HideSolutionNode = FALSE
	EndGlobalSection
	GlobalSection(ExtensibilityGlobals) = postSolution
		SolutionGuid = {26CC4D84-F1E8-4A6C-8C7D-CF12904429D1}
	EndGlobalSection
EndGlobal
