
Microsoft Visual Studio Solution File, Format Version 12.00
# Visual Studio Version 16
VisualStudioVersion = 16.0.30907.101
MinimumVisualStudioVersion = 10.0.40219.1
Project("{FAE04EC0-301F-11D3-BF4B-00C04F79EFBC}") = "HomeWorkLesson-3-3", "HomeWorkLesson-3-3\HomeWorkLesson-3-3.csproj", "{08452184-C6AC-4E8B-AB89-EC5945309668}"
EndProject
Global
	GlobalSection(SolutionConfigurationPlatforms) = preSolution
		Debug|Any CPU = Debug|Any CPU
		Release|Any CPU = Release|Any CPU
	EndGlobalSection
	GlobalSection(ProjectConfigurationPlatforms) = postSolution
		{08452184-C6AC-4E8B-AB89-EC5945309668}.Debug|Any CPU.ActiveCfg = Debug|Any CPU
		{08452184-C6AC-4E8B-AB89-EC5945309668}.Debug|Any CPU.Build.0 = Debug|Any CPU
		{08452184-C6AC-4E8B-AB89-EC5945309668}.Release|Any CPU.ActiveCfg = Release|Any CPU
		{08452184-C6AC-4E8B-AB89-EC5945309668}.Release|Any CPU.Build.0 = Release|Any CPU
	EndGlobalSection
	GlobalSection(SolutionProperties) = preSolution
		HideSolutionNode = FALSE
	EndGlobalSection
	GlobalSection(ExtensibilityGlobals) = postSolution
		SolutionGuid = {3AB4E42F-DE6F-4EEF-BC53-6994CF0267E1}
	EndGlobalSection
EndGlobal
