
Microsoft Visual Studio Solution File, Format Version 12.00
# Visual Studio Version 16
VisualStudioVersion = 16.0.30907.101
MinimumVisualStudioVersion = 10.0.40219.1
Project("{FAE04EC0-301F-11D3-BF4B-00C04F79EFBC}") = "HomeWorkLesson-4-1", "HomeWorkLesson-4-1\HomeWorkLesson-4-1.csproj", "{9930FCE9-82AC-4172-B3DD-D8D1E1132EAE}"
EndProject
Global
	GlobalSection(SolutionConfigurationPlatforms) = preSolution
		Debug|Any CPU = Debug|Any CPU
		Release|Any CPU = Release|Any CPU
	EndGlobalSection
	GlobalSection(ProjectConfigurationPlatforms) = postSolution
		{9930FCE9-82AC-4172-B3DD-D8D1E1132EAE}.Debug|Any CPU.ActiveCfg = Debug|Any CPU
		{9930FCE9-82AC-4172-B3DD-D8D1E1132EAE}.Debug|Any CPU.Build.0 = Debug|Any CPU
		{9930FCE9-82AC-4172-B3DD-D8D1E1132EAE}.Release|Any CPU.ActiveCfg = Release|Any CPU
		{9930FCE9-82AC-4172-B3DD-D8D1E1132EAE}.Release|Any CPU.Build.0 = Release|Any CPU
	EndGlobalSection
	GlobalSection(SolutionProperties) = preSolution
		HideSolutionNode = FALSE
	EndGlobalSection
	GlobalSection(ExtensibilityGlobals) = postSolution
		SolutionGuid = {EFE44719-E5DE-42A5-BDBC-7FF5A76F682D}
	EndGlobalSection
EndGlobal
