
Microsoft Visual Studio Solution File, Format Version 12.00
# Visual Studio Version 16
VisualStudioVersion = 16.0.30907.101
MinimumVisualStudioVersion = 10.0.40219.1
Project("{FAE04EC0-301F-11D3-BF4B-00C04F79EFBC}") = "HomeWorkLesson-2-6", "HomeWorkLesson-2-6\HomeWorkLesson-2-6.csproj", "{FAE790BD-B267-48D5-82A0-E9539A0B8F1E}"
EndProject
Global
	GlobalSection(SolutionConfigurationPlatforms) = preSolution
		Debug|Any CPU = Debug|Any CPU
		Release|Any CPU = Release|Any CPU
	EndGlobalSection
	GlobalSection(ProjectConfigurationPlatforms) = postSolution
		{FAE790BD-B267-48D5-82A0-E9539A0B8F1E}.Debug|Any CPU.ActiveCfg = Debug|Any CPU
		{FAE790BD-B267-48D5-82A0-E9539A0B8F1E}.Debug|Any CPU.Build.0 = Debug|Any CPU
		{FAE790BD-B267-48D5-82A0-E9539A0B8F1E}.Release|Any CPU.ActiveCfg = Release|Any CPU
		{FAE790BD-B267-48D5-82A0-E9539A0B8F1E}.Release|Any CPU.Build.0 = Release|Any CPU
	EndGlobalSection
	GlobalSection(SolutionProperties) = preSolution
		HideSolutionNode = FALSE
	EndGlobalSection
	GlobalSection(ExtensibilityGlobals) = postSolution
		SolutionGuid = {0C97C4CB-60A5-4EA9-821B-2F2AC8B23734}
	EndGlobalSection
EndGlobal
