
Microsoft Visual Studio Solution File, Format Version 12.00
# Visual Studio Version 16
VisualStudioVersion = 16.0.30907.101
MinimumVisualStudioVersion = 10.0.40219.1
Project("{FAE04EC0-301F-11D3-BF4B-00C04F79EFBC}") = "HomeWorkLesson-8", "HomeWorkLesson-8\HomeWorkLesson-8.csproj", "{2E8F517F-34EB-4566-BBB6-AC5B7EF23581}"
EndProject
Global
	GlobalSection(SolutionConfigurationPlatforms) = preSolution
		Debug|Any CPU = Debug|Any CPU
		Release|Any CPU = Release|Any CPU
	EndGlobalSection
	GlobalSection(ProjectConfigurationPlatforms) = postSolution
		{2E8F517F-34EB-4566-BBB6-AC5B7EF23581}.Debug|Any CPU.ActiveCfg = Debug|Any CPU
		{2E8F517F-34EB-4566-BBB6-AC5B7EF23581}.Debug|Any CPU.Build.0 = Debug|Any CPU
		{2E8F517F-34EB-4566-BBB6-AC5B7EF23581}.Release|Any CPU.ActiveCfg = Release|Any CPU
		{2E8F517F-34EB-4566-BBB6-AC5B7EF23581}.Release|Any CPU.Build.0 = Release|Any CPU
	EndGlobalSection
	GlobalSection(SolutionProperties) = preSolution
		HideSolutionNode = FALSE
	EndGlobalSection
	GlobalSection(ExtensibilityGlobals) = postSolution
		SolutionGuid = {442FD314-EFBF-47E7-9A0B-8647BAF4901A}
	EndGlobalSection
EndGlobal
