
Microsoft Visual Studio Solution File, Format Version 12.00
# Visual Studio Version 16
VisualStudioVersion = 16.0.30907.101
MinimumVisualStudioVersion = 10.0.40219.1
Project("{FAE04EC0-301F-11D3-BF4B-00C04F79EFBC}") = "HomeWorkLesson-3-4", "HomeWorkLesson-3-4\HomeWorkLesson-3-4.csproj", "{846FBAA9-DADD-447D-B4FA-AE588CC7B977}"
EndProject
Global
	GlobalSection(SolutionConfigurationPlatforms) = preSolution
		Debug|Any CPU = Debug|Any CPU
		Release|Any CPU = Release|Any CPU
	EndGlobalSection
	GlobalSection(ProjectConfigurationPlatforms) = postSolution
		{846FBAA9-DADD-447D-B4FA-AE588CC7B977}.Debug|Any CPU.ActiveCfg = Debug|Any CPU
		{846FBAA9-DADD-447D-B4FA-AE588CC7B977}.Debug|Any CPU.Build.0 = Debug|Any CPU
		{846FBAA9-DADD-447D-B4FA-AE588CC7B977}.Release|Any CPU.ActiveCfg = Release|Any CPU
		{846FBAA9-DADD-447D-B4FA-AE588CC7B977}.Release|Any CPU.Build.0 = Release|Any CPU
	EndGlobalSection
	GlobalSection(SolutionProperties) = preSolution
		HideSolutionNode = FALSE
	EndGlobalSection
	GlobalSection(ExtensibilityGlobals) = postSolution
		SolutionGuid = {E5C4BBC6-20EA-4766-AE6A-0209B206657F}
	EndGlobalSection
EndGlobal
