
Microsoft Visual Studio Solution File, Format Version 12.00
# Visual Studio Version 16
VisualStudioVersion = 16.0.30907.101
MinimumVisualStudioVersion = 10.0.40219.1
Project("{FAE04EC0-301F-11D3-BF4B-00C04F79EFBC}") = "HomeWorkLesson-4-2", "HomeWorkLesson-4-2\HomeWorkLesson-4-2.csproj", "{0ADAE415-2092-49AD-A268-AC44EF7B380B}"
EndProject
Global
	GlobalSection(SolutionConfigurationPlatforms) = preSolution
		Debug|Any CPU = Debug|Any CPU
		Release|Any CPU = Release|Any CPU
	EndGlobalSection
	GlobalSection(ProjectConfigurationPlatforms) = postSolution
		{0ADAE415-2092-49AD-A268-AC44EF7B380B}.Debug|Any CPU.ActiveCfg = Debug|Any CPU
		{0ADAE415-2092-49AD-A268-AC44EF7B380B}.Debug|Any CPU.Build.0 = Debug|Any CPU
		{0ADAE415-2092-49AD-A268-AC44EF7B380B}.Release|Any CPU.ActiveCfg = Release|Any CPU
		{0ADAE415-2092-49AD-A268-AC44EF7B380B}.Release|Any CPU.Build.0 = Release|Any CPU
	EndGlobalSection
	GlobalSection(SolutionProperties) = preSolution
		HideSolutionNode = FALSE
	EndGlobalSection
	GlobalSection(ExtensibilityGlobals) = postSolution
		SolutionGuid = {75766C88-63B0-403F-8DC9-572480E71AB3}
	EndGlobalSection
EndGlobal
