
Microsoft Visual Studio Solution File, Format Version 12.00
# Visual Studio Version 16
VisualStudioVersion = 16.0.30907.101
MinimumVisualStudioVersion = 10.0.40219.1
Project("{FAE04EC0-301F-11D3-BF4B-00C04F79EFBC}") = "HomeWorkLesson-4-3", "HomeWorkLesson-4-3\HomeWorkLesson-4-3.csproj", "{AF8ED87D-0A90-4774-8D9A-232F239A720C}"
EndProject
Global
	GlobalSection(SolutionConfigurationPlatforms) = preSolution
		Debug|Any CPU = Debug|Any CPU
		Release|Any CPU = Release|Any CPU
	EndGlobalSection
	GlobalSection(ProjectConfigurationPlatforms) = postSolution
		{AF8ED87D-0A90-4774-8D9A-232F239A720C}.Debug|Any CPU.ActiveCfg = Debug|Any CPU
		{AF8ED87D-0A90-4774-8D9A-232F239A720C}.Debug|Any CPU.Build.0 = Debug|Any CPU
		{AF8ED87D-0A90-4774-8D9A-232F239A720C}.Release|Any CPU.ActiveCfg = Release|Any CPU
		{AF8ED87D-0A90-4774-8D9A-232F239A720C}.Release|Any CPU.Build.0 = Release|Any CPU
	EndGlobalSection
	GlobalSection(SolutionProperties) = preSolution
		HideSolutionNode = FALSE
	EndGlobalSection
	GlobalSection(ExtensibilityGlobals) = postSolution
		SolutionGuid = {D9AADC17-0830-4A6F-AE92-33FF91A2A916}
	EndGlobalSection
EndGlobal
