
Microsoft Visual Studio Solution File, Format Version 12.00
# Visual Studio Version 16
VisualStudioVersion = 16.0.30907.101
MinimumVisualStudioVersion = 10.0.40219.1
Project("{FAE04EC0-301F-11D3-BF4B-00C04F79EFBC}") = "HomeWorkLesson-6", "HomeWorkLesson-6\HomeWorkLesson-6.csproj", "{FF6CA0C2-C4CA-4100-9FA5-7671C0F377F2}"
EndProject
Global
	GlobalSection(SolutionConfigurationPlatforms) = preSolution
		Debug|Any CPU = Debug|Any CPU
		Release|Any CPU = Release|Any CPU
	EndGlobalSection
	GlobalSection(ProjectConfigurationPlatforms) = postSolution
		{FF6CA0C2-C4CA-4100-9FA5-7671C0F377F2}.Debug|Any CPU.ActiveCfg = Debug|Any CPU
		{FF6CA0C2-C4CA-4100-9FA5-7671C0F377F2}.Debug|Any CPU.Build.0 = Debug|Any CPU
		{FF6CA0C2-C4CA-4100-9FA5-7671C0F377F2}.Release|Any CPU.ActiveCfg = Release|Any CPU
		{FF6CA0C2-C4CA-4100-9FA5-7671C0F377F2}.Release|Any CPU.Build.0 = Release|Any CPU
	EndGlobalSection
	GlobalSection(SolutionProperties) = preSolution
		HideSolutionNode = FALSE
	EndGlobalSection
	GlobalSection(ExtensibilityGlobals) = postSolution
		SolutionGuid = {6A51F969-CECE-4BF1-8B08-65442BD414D8}
	EndGlobalSection
EndGlobal
